// !$*UTF8*$!
{
	archiveVersion = 1;
	classes = {
	};
	objectVersion = 46;
	objects = {

/* Begin PBXBuildFile section */
		16CBE7AF1E8E67B40044F6F7 /* AppDelegate.swift in Sources */ = {isa = PBXBuildFile; fileRef = 16CBE7AE1E8E67B40044F6F7 /* AppDelegate.swift */; };
		16CBE7B11E8E67B40044F6F7 /* ViewController.swift in Sources */ = {isa = PBXBuildFile; fileRef = 16CBE7B01E8E67B40044F6F7 /* ViewController.swift */; };
		16CBE7B41E8E67B40044F6F7 /* Main.storyboard in Resources */ = {isa = PBXBuildFile; fileRef = 16CBE7B21E8E67B40044F6F7 /* Main.storyboard */; };
		16CBE7B61E8E67B40044F6F7 /* Assets.xcassets in Resources */ = {isa = PBXBuildFile; fileRef = 16CBE7B51E8E67B40044F6F7 /* Assets.xcassets */; };
		16CBE7B91E8E67B40044F6F7 /* LaunchScreen.storyboard in Resources */ = {isa = PBXBuildFile; fileRef = 16CBE7B71E8E67B40044F6F7 /* LaunchScreen.storyboard */; };
/* End PBXBuildFile section */

/* Begin PBXFileReference section */
		16CBE7AB1E8E67B40044F6F7 /* Versions.app */ = {isa = PBXFileReference; explicitFileType = wrapper.application; includeInIndex = 0; path = Versions.app; sourceTree = BUILT_PRODUCTS_DIR; };
		16CBE7AE1E8E67B40044F6F7 /* AppDelegate.swift */ = {isa = PBXFileReference; lastKnownFileType = sourcecode.swift; path = AppDelegate.swift; sourceTree = "<group>"; };
		16CBE7B01E8E67B40044F6F7 /* ViewController.swift */ = {isa = PBXFileReference; lastKnownFileType = sourcecode.swift; path = ViewController.swift; sourceTree = "<group>"; };
		16CBE7B31E8E67B40044F6F7 /* Base */ = {isa = PBXFileReference; lastKnownFileType = file.storyboard; name = Base; path = Base.lproj/Main.storyboard; sourceTree = "<group>"; };
		16CBE7B51E8E67B40044F6F7 /* Assets.xcassets */ = {isa = PBXFileReference; lastKnownFileType = folder.assetcatalog; path = Assets.xcassets; sourceTree = "<group>"; };
		16CBE7B81E8E67B40044F6F7 /* Base */ = {isa = PBXFileReference; lastKnownFileType = file.storyboard; name = Base; path = Base.lproj/LaunchScreen.storyboard; sourceTree = "<group>"; };
		16CBE7BA1E8E67B40044F6F7 /* Info.plist */ = {isa = PBXFileReference; lastKnownFileType = text.plist.xml; path = Info.plist; sourceTree = "<group>"; };
/* End PBXFileReference section */

/* Begin PBXFrameworksBuildPhase section */
		16CBE7A81E8E67B40044F6F7 /* Frameworks */ = {
			isa = PBXFrameworksBuildPhase;
			buildActionMask = 2147483647;
			files = (
			);
			runOnlyForDeploymentPostprocessing = 0;
		};
/* End PBXFrameworksBuildPhase section */

/* Begin PBXGroup section */
		16CBE7A21E8E67B40044F6F7 = {
			isa = PBXGroup;
			children = (
				16CBE7AD1E8E67B40044F6F7 /* Versions */,
				16CBE7AC1E8E67B40044F6F7 /* Products */,
			);
			sourceTree = "<group>";
		};
		16CBE7AC1E8E67B40044F6F7 /* Products */ = {
			isa = PBXGroup;
			children = (
				16CBE7AB1E8E67B40044F6F7 /* Versions.app */,
			);
			name = Products;
			sourceTree = "<group>";
		};
		16CBE7AD1E8E67B40044F6F7 /* Versions */ = {
			isa = PBXGroup;
			children = (
				16CBE7AE1E8E67B40044F6F7 /* AppDelegate.swift */,
				16CBE7B01E8E67B40044F6F7 /* ViewController.swift */,
				16CBE7B21E8E67B40044F6F7 /* Main.storyboard */,
				16CBE7B51E8E67B40044F6F7 /* Assets.xcassets */,
				16CBE7B71E8E67B40044F6F7 /* LaunchScreen.storyboard */,
				16CBE7BA1E8E67B40044F6F7 /* Info.plist */,
			);
			path = Versions;
			sourceTree = "<group>";
		};
/* End PBXGroup section */

/* Begin PBXNativeTarget section */
		16CBE7AA1E8E67B40044F6F7 /* Versions */ = {
			isa = PBXNativeTarget;
			buildConfigurationList = 16CBE7BD1E8E67B40044F6F7 /* Build configuration list for PBXNativeTarget "Versions" */;
			buildPhases = (
				16CBE7A71E8E67B40044F6F7 /* Sources */,
				16CBE7A81E8E67B40044F6F7 /* Frameworks */,
				16CBE7A91E8E67B40044F6F7 /* Resources */,
			);
			buildRules = (
			);
			dependencies = (
			);
			name = Versions;
			productName = Versions;
			productReference = 16CBE7AB1E8E67B40044F6F7 /* Versions.app */;
			productType = "com.apple.product-type.application";
		};
/* End PBXNativeTarget section */

/* Begin PBXProject section */
		16CBE7A31E8E67B40044F6F7 /* Project object */ = {
			isa = PBXProject;
			attributes = {
				LastSwiftUpdateCheck = 0830;
				LastUpgradeCheck = 0830;
				ORGANIZATIONNAME = "BumMo Koo";
				TargetAttributes = {
					16CBE7AA1E8E67B40044F6F7 = {
						CreatedOnToolsVersion = 8.3;
						DevelopmentTeam = 3ZTVE7CS5L;
						ProvisioningStyle = Automatic;
					};
				};
			};
			buildConfigurationList = 16CBE7A61E8E67B40044F6F7 /* Build configuration list for PBXProject "Versions" */;
			compatibilityVersion = "Xcode 3.2";
			developmentRegion = English;
			hasScannedForEncodings = 0;
			knownRegions = (
				en,
				Base,
			);
			mainGroup = 16CBE7A21E8E67B40044F6F7;
			productRefGroup = 16CBE7AC1E8E67B40044F6F7 /* Products */;
			projectDirPath = "";
			projectRoot = "";
			targets = (
				16CBE7AA1E8E67B40044F6F7 /* Versions */,
			);
		};
/* End PBXProject section */

/* Begin PBXResourcesBuildPhase section */
		16CBE7A91E8E67B40044F6F7 /* Resources */ = {
			isa = PBXResourcesBuildPhase;
			buildActionMask = 2147483647;
			files = (
				16CBE7B91E8E67B40044F6F7 /* LaunchScreen.storyboard in Resources */,
				16CBE7B61E8E67B40044F6F7 /* Assets.xcassets in Resources */,
				16CBE7B41E8E67B40044F6F7 /* Main.storyboard in Resources */,
			);
			runOnlyForDeploymentPostprocessing = 0;
		};
/* End PBXResourcesBuildPhase section */

/* Begin PBXSourcesBuildPhase section */
		16CBE7A71E8E67B40044F6F7 /* Sources */ = {
			isa = PBXSourcesBuildPhase;
			buildActionMask = 2147483647;
			files = (
				16CBE7B11E8E67B40044F6F7 /* ViewController.swift in Sources */,
				16CBE7AF1E8E67B40044F6F7 /* AppDelegate.swift in Sources */,
			);
			runOnlyForDeploymentPostprocessing = 0;
		};
/* End PBXSourcesBuildPhase section */

/* Begin PBXVariantGroup section */
		16CBE7B21E8E67B40044F6F7 /* Main.storyboard */ = {
			isa = PBXVariantGroup;
			children = (
				16CBE7B31E8E67B40044F6F7 /* Base */,
			);
			name = Main.storyboard;
			sourceTree = "<group>";
		};
		16CBE7B71E8E67B40044F6F7 /* LaunchScreen.storyboard */ = {
			isa = PBXVariantGroup;
			children = (
				16CBE7B81E8E67B40044F6F7 /* Base */,
			);
			name = LaunchScreen.storyboard;
			sourceTree = "<group>";
		};
/* End PBXVariantGroup section */

/* Begin XCBuildConfiguration section */
		16CBE7BB1E8E67B40044F6F7 /* Debug */ = {
			isa = XCBuildConfiguration;
			buildSettings = {
				ALWAYS_SEARCH_USER_PATHS = NO;
				CLANG_ANALYZER_NONNULL = YES;
				CLANG_ANALYZER_NUMBER_OBJECT_CONVERSION = YES_AGGRESSIVE;
				CLANG_CXX_LANGUAGE_STANDARD = "gnu++0x";
				CLANG_CXX_LIBRARY = "libc++";
				CLANG_ENABLE_MODULES = YES;
				CLANG_ENABLE_OBJC_ARC = YES;
				CLANG_WARN_BOOL_CONVERSION = YES;
				CLANG_WARN_CONSTANT_CONVERSION = YES;
				CLANG_WARN_DIRECT_OBJC_ISA_USAGE = YES_ERROR;
				CLANG_WARN_DOCUMENTATION_COMMENTS = YES;
				CLANG_WARN_EMPTY_BODY = YES;
				CLANG_WARN_ENUM_CONVERSION = YES;
				CLANG_WARN_INFINITE_RECURSION = YES;
				CLANG_WARN_INT_CONVERSION = YES;
				CLANG_WARN_OBJC_ROOT_CLASS = YES_ERROR;
				CLANG_WARN_SUSPICIOUS_MOVE = YES;
				CLANG_WARN_UNREACHABLE_CODE = YES;
				CLANG_WARN__DUPLICATE_METHOD_MATCH = YES;
				"CODE_SIGN_IDENTITY[sdk=iphoneos*]" = "iPhone Developer";
				COPY_PHASE_STRIP = NO;
				DEBUG_INFORMATION_FORMAT = dwarf;
				ENABLE_STRICT_OBJC_MSGSEND = YES;
				ENABLE_TESTABILITY = YES;
				GCC_C_LANGUAGE_STANDARD = gnu99;
				GCC_DYNAMIC_NO_PIC = NO;
				GCC_NO_COMMON_BLOCKS = YES;
				GCC_OPTIMIZATION_LEVEL = 0;
				GCC_PREPROCESSOR_DEFINITIONS = (
					"DEBUG=1",
					"$(inherited)",
				);
				GCC_WARN_64_TO_32_BIT_CONVERSION = YES;
				GCC_WARN_ABOUT_RETURN_TYPE = YES_ERROR;
				GCC_WARN_UNDECLARED_SELECTOR = YES;
				GCC_WARN_UNINITIALIZED_AUTOS = YES_AGGRESSIVE;
				GCC_WARN_UNUSED_FUNCTION = YES;
				GCC_WARN_UNUSED_VARIABLE = YES;
				IPHONEOS_DEPLOYMENT_TARGET = 10.3;
				MTL_ENABLE_DEBUG_INFO = YES;
				ONLY_ACTIVE_ARCH = YES;
				SDKROOT = iphoneos;
				SWIFT_ACTIVE_COMPILATION_CONDITIONS = DEBUG;
				SWIFT_OPTIMIZATION_LEVEL = "-Onone";
			};
			name = Debug;
		};
		16CBE7BC1E8E67B40044F6F7 /* Release */ = {
			isa = XCBuildConfiguration;
			buildSettings = {
				ALWAYS_SEARCH_USER_PATHS = NO;
				CLANG_ANALYZER_NONNULL = YES;
				CLANG_ANALYZER_NUMBER_OBJECT_CONVERSION = YES_AGGRESSIVE;
				CLANG_CXX_LANGUAGE_STANDARD = "gnu++0x";
				CLANG_CXX_LIBRARY = "libc++";
				CLANG_ENABLE_MODULES = YES;
				CLANG_ENABLE_OBJC_ARC = YES;
				CLANG_WARN_BOOL_CONVERSION = YES;
				CLANG_WARN_CONSTANT_CONVERSION = YES;
				CLANG_WARN_DIRECT_OBJC_ISA_USAGE = YES_ERROR;
				CLANG_WARN_DOCUMENTATION_COMMENTS = YES;
				CLANG_WARN_EMPTY_BODY = YES;
				CLANG_WARN_ENUM_CONVERSION = YES;
				CLANG_WARN_INFINITE_RECURSION = YES;
				CLANG_WARN_INT_CONVERSION = YES;
				CLANG_WARN_OBJC_ROOT_CLASS = YES_ERROR;
				CLANG_WARN_SUSPICIOUS_MOVE = YES;
				CLANG_WARN_UNREACHABLE_CODE = YES;
				CLANG_WARN__DUPLICATE_METHOD_MATCH = YES;
				"CODE_SIGN_IDENTITY[sdk=iphoneos*]" = "iPhone Developer";
				COPY_PHASE_STRIP = NO;
				DEBUG_INFORMATION_FORMAT = "dwarf-with-dsym";
				ENABLE_NS_ASSERTIONS = NO;
				ENABLE_STRICT_OBJC_MSGSEND = YES;
				GCC_C_LANGUAGE_STANDARD = gnu99;
				GCC_NO_COMMON_BLOCKS = YES;
				GCC_WARN_64_TO_32_BIT_CONVERSION = YES;
				GCC_WARN_ABOUT_RETURN_TYPE = YES_ERROR;
				GCC_WARN_UNDECLARED_SELECTOR = YES;
				GCC_WARN_UNINITIALIZED_AUTOS = YES_AGGRESSIVE;
				GCC_WARN_UNUSED_FUNCTION = YES;
				GCC_WARN_UNUSED_VARIABLE = YES;
				IPHONEOS_DEPLOYMENT_TARGET = 10.3;
				MTL_ENABLE_DEBUG_INFO = NO;
				SDKROOT = iphoneos;
				SWIFT_OPTIMIZATION_LEVEL = "-Owholemodule";
				VALIDATE_PRODUCT = YES;
			};
			name = Release;
		};
		16CBE7BE1E8E67B40044F6F7 /* Debug */ = {
			isa = XCBuildConfiguration;
			buildSettings = {
				ASSETCATALOG_COMPILER_APPICON_NAME = AppIcon;
				CURRENT_PROJECT_VERSION = 1;
				DEVELOPMENT_TEAM = 3ZTVE7CS5L;
				INFOPLIST_FILE = Versions/Info.plist;
				LD_RUNPATH_SEARCH_PATHS = "$(inherited) @executable_path/Frameworks";
				PRODUCT_BUNDLE_IDENTIFIER = com.gbmksquare.Versions;
				PRODUCT_NAME = "$(TARGET_NAME)";
				SWIFT_VERSION = 3.0;
			};
			name = Debug;
		};
		16CBE7BF1E8E67B40044F6F7 /* Release */ = {
			isa = XCBuildConfiguration;
			buildSettings = {
				ASSETCATALOG_COMPILER_APPICON_NAME = AppIcon;
				CURRENT_PROJECT_VERSION = 1;
				DEVELOPMENT_TEAM = 3ZTVE7CS5L;
				INFOPLIST_FILE = Versions/Info.plist;
				LD_RUNPATH_SEARCH_PATHS = "$(inherited) @executable_path/Frameworks";
				PRODUCT_BUNDLE_IDENTIFIER = com.gbmksquare.Versions;
				PRODUCT_NAME = "$(TARGET_NAME)";
				SWIFT_VERSION = 3.0;
			};
			name = Release;
		};
/* End XCBuildConfiguration section */

/* Begin XCConfigurationList section */
		16CBE7A61E8E67B40044F6F7 /* Build configuration list for PBXProject "Versions" */ = {
			isa = XCConfigurationList;
			buildConfigurations = (
				16CBE7BB1E8E67B40044F6F7 /* Debug */,
				16CBE7BC1E8E67B40044F6F7 /* Release */,
			);
			defaultConfigurationIsVisible = 0;
			defaultConfigurationName = Release;
		};
		16CBE7BD1E8E67B40044F6F7 /* Build configuration list for PBXNativeTarget "Versions" */ = {
			isa = XCConfigurationList;
			buildConfigurations = (
				16CBE7BE1E8E67B40044F6F7 /* Debug */,
				16CBE7BF1E8E67B40044F6F7 /* Release */,
			);
			defaultConfigurationIsVisible = 0;
			defaultConfigurationName = Release;
		};
/* End XCConfigurationList section */
	};
	rootObject = 16CBE7A31E8E67B40044F6F7 /* Project object */;
}
